// !$*UTF8*$!
{
	archiveVersion = 1;
	classes = {
	};
	objectVersion = 51;
	objects = {

/* Begin PBXBuildFile section */
		428E089709E7769BE5A896BE /* Pods_flix.framework in Frameworks */ = {isa = PBXBuildFile; fileRef = 1DD62B50BC65F5BF737B5564 /* Pods_flix.framework */; };
		5B39E24F25EC4B9A00371FF9 /* MovieDetailsViewController.swift in Sources */ = {isa = PBXBuildFile; fileRef = 5B39E24E25EC4B9A00371FF9 /* MovieDetailsViewController.swift */; };
		5B39E25225EC641400371FF9 /* MovieGridViewController.swift in Sources */ = {isa = PBXBuildFile; fileRef = 5B39E25125EC641400371FF9 /* MovieGridViewController.swift */; };
		5B39E25525EC7B2A00371FF9 /* MovieGridCell.swift in Sources */ = {isa = PBXBuildFile; fileRef = 5B39E25425EC7B2A00371FF9 /* MovieGridCell.swift */; };
		5BB568FD25EAD9290068C50C /* AppDelegate.swift in Sources */ = {isa = PBXBuildFile; fileRef = 5BB568FC25EAD9290068C50C /* AppDelegate.swift */; };
		5BB568FF25EAD9290068C50C /* SceneDelegate.swift in Sources */ = {isa = PBXBuildFile; fileRef = 5BB568FE25EAD9290068C50C /* SceneDelegate.swift */; };
		5BB5690425EAD9290068C50C /* Main.storyboard in Resources */ = {isa = PBXBuildFile; fileRef = 5BB5690225EAD9290068C50C /* Main.storyboard */; };
		5BB5690625EAD92A0068C50C /* Assets.xcassets in Resources */ = {isa = PBXBuildFile; fileRef = 5BB5690525EAD92A0068C50C /* Assets.xcassets */; };
		5BB5690925EAD92A0068C50C /* LaunchScreen.storyboard in Resources */ = {isa = PBXBuildFile; fileRef = 5BB5690725EAD92A0068C50C /* LaunchScreen.storyboard */; };
		5BB5691325EADD4E0068C50C /* MoviesViewController.swift in Sources */ = {isa = PBXBuildFile; fileRef = 5BB5691225EADD4E0068C50C /* MoviesViewController.swift */; };
		5BB5691625EB20D60068C50C /* MovieCell.swift in Sources */ = {isa = PBXBuildFile; fileRef = 5BB5691525EB20D60068C50C /* MovieCell.swift */; };
/* End PBXBuildFile section */

/* Begin PBXFileReference section */
		1DD62B50BC65F5BF737B5564 /* Pods_flix.framework */ = {isa = PBXFileReference; explicitFileType = wrapper.framework; includeInIndex = 0; path = Pods_flix.framework; sourceTree = BUILT_PRODUCTS_DIR; };
		5B39E24E25EC4B9A00371FF9 /* MovieDetailsViewController.swift */ = {isa = PBXFileReference; lastKnownFileType = sourcecode.swift; path = MovieDetailsViewController.swift; sourceTree = "<group>"; };
		5B39E25125EC641400371FF9 /* MovieGridViewController.swift */ = {isa = PBXFileReference; lastKnownFileType = sourcecode.swift; path = MovieGridViewController.swift; sourceTree = "<group>"; };
		5B39E25425EC7B2A00371FF9 /* MovieGridCell.swift */ = {isa = PBXFileReference; lastKnownFileType = sourcecode.swift; path = MovieGridCell.swift; sourceTree = "<group>"; };
		5BB568F925EAD9290068C50C /* flix.app */ = {isa = PBXFileReference; explicitFileType = wrapper.application; includeInIndex = 0; path = flix.app; sourceTree = BUILT_PRODUCTS_DIR; };
		5BB568FC25EAD9290068C50C /* AppDelegate.swift */ = {isa = PBXFileReference; lastKnownFileType = sourcecode.swift; path = AppDelegate.swift; sourceTree = "<group>"; };
		5BB568FE25EAD9290068C50C /* SceneDelegate.swift */ = {isa = PBXFileReference; lastKnownFileType = sourcecode.swift; path = SceneDelegate.swift; sourceTree = "<group>"; };
		5BB5690325EAD9290068C50C /* Base */ = {isa = PBXFileReference; lastKnownFileType = file.storyboard; name = Base; path = Base.lproj/Main.storyboard; sourceTree = "<group>"; };
		5BB5690525EAD92A0068C50C /* Assets.xcassets */ = {isa = PBXFileReference; lastKnownFileType = folder.assetcatalog; path = Assets.xcassets; sourceTree = "<group>"; };
		5BB5690825EAD92A0068C50C /* Base */ = {isa = PBXFileReference; lastKnownFileType = file.storyboard; name = Base; path = Base.lproj/LaunchScreen.storyboard; sourceTree = "<group>"; };
		5BB5690A25EAD92A0068C50C /* Info.plist */ = {isa = PBXFileReference; lastKnownFileType = text.plist.xml; path = Info.plist; sourceTree = "<group>"; };
		5BB5691225EADD4E0068C50C /* MoviesViewController.swift */ = {isa = PBXFileReference; lastKnownFileType = sourcecode.swift; path = MoviesViewController.swift; sourceTree = "<group>"; };
		5BB5691525EB20D60068C50C /* MovieCell.swift */ = {isa = PBXFileReference; lastKnownFileType = sourcecode.swift; path = MovieCell.swift; sourceTree = "<group>"; };
		AE855279090D14656CA5B4F0 /* Pods-flix.debug.xcconfig */ = {isa = PBXFileReference; includeInIndex = 1; lastKnownFileType = text.xcconfig; name = "Pods-flix.debug.xcconfig"; path = "Target Support Files/Pods-flix/Pods-flix.debug.xcconfig"; sourceTree = "<group>"; };
		B55A82EF403575FEC8385124 /* Pods-flix.release.xcconfig */ = {isa = PBXFileReference; includeInIndex = 1; lastKnownFileType = text.xcconfig; name = "Pods-flix.release.xcconfig"; path = "Target Support Files/Pods-flix/Pods-flix.release.xcconfig"; sourceTree = "<group>"; };
/* End PBXFileReference section */

/* Begin PBXFrameworksBuildPhase section */
		5BB568F625EAD9290068C50C /* Frameworks */ = {
			isa = PBXFrameworksBuildPhase;
			buildActionMask = 2147483647;
			files = (
				428E089709E7769BE5A896BE /* Pods_flix.framework in Frameworks */,
			);
			runOnlyForDeploymentPostprocessing = 0;
		};
/* End PBXFrameworksBuildPhase section */

/* Begin PBXGroup section */
		57BD8CB0AB4E32E33EA5413C /* Pods */ = {
			isa = PBXGroup;
			children = (
				AE855279090D14656CA5B4F0 /* Pods-flix.debug.xcconfig */,
				B55A82EF403575FEC8385124 /* Pods-flix.release.xcconfig */,
			);
			path = Pods;
			sourceTree = "<group>";
		};
		5BB568F025EAD9290068C50C = {
			isa = PBXGroup;
			children = (
				5BB568FB25EAD9290068C50C /* flix */,
				5BB568FA25EAD9290068C50C /* Products */,
				57BD8CB0AB4E32E33EA5413C /* Pods */,
				85E5AAC304A5E0699C552AD4 /* Frameworks */,
			);
			sourceTree = "<group>";
		};
		5BB568FA25EAD9290068C50C /* Products */ = {
			isa = PBXGroup;
			children = (
				5BB568F925EAD9290068C50C /* flix.app */,
			);
			name = Products;
			sourceTree = "<group>";
		};
		5BB568FB25EAD9290068C50C /* flix */ = {
			isa = PBXGroup;
			children = (
				5BB568FC25EAD9290068C50C /* AppDelegate.swift */,
				5BB568FE25EAD9290068C50C /* SceneDelegate.swift */,
				5BB5690225EAD9290068C50C /* Main.storyboard */,
				5BB5691525EB20D60068C50C /* MovieCell.swift */,
				5BB5690525EAD92A0068C50C /* Assets.xcassets */,
				5BB5690725EAD92A0068C50C /* LaunchScreen.storyboard */,
				5BB5690A25EAD92A0068C50C /* Info.plist */,
				5BB5691225EADD4E0068C50C /* MoviesViewController.swift */,
				5B39E24E25EC4B9A00371FF9 /* MovieDetailsViewController.swift */,
				5B39E25125EC641400371FF9 /* MovieGridViewController.swift */,
				5B39E25425EC7B2A00371FF9 /* MovieGridCell.swift */,
			);
			path = flix;
			sourceTree = "<group>";
		};
		85E5AAC304A5E0699C552AD4 /* Frameworks */ = {
			isa = PBXGroup;
			children = (
				1DD62B50BC65F5BF737B5564 /* Pods_flix.framework */,
			);
			name = Frameworks;
			sourceTree = "<group>";
		};
/* End PBXGroup section */

/* Begin PBXNativeTarget section */
		5BB568F825EAD9290068C50C /* flix */ = {
			isa = PBXNativeTarget;
			buildConfigurationList = 5BB5690D25EAD92A0068C50C /* Build configuration list for PBXNativeTarget "flix" */;
			buildPhases = (
				68EA517B95834A4ECA27422B /* [CP] Check Pods Manifest.lock */,
				5BB568F525EAD9290068C50C /* Sources */,
				5BB568F625EAD9290068C50C /* Frameworks */,
				5BB568F725EAD9290068C50C /* Resources */,
				2831B8E41C01934A02EF0B7E /* [CP] Embed Pods Frameworks */,
			);
			buildRules = (
			);
			dependencies = (
			);
			name = flix;
			productName = flix;
			productReference = 5BB568F925EAD9290068C50C /* flix.app */;
			productType = "com.apple.product-type.application";
		};
/* End PBXNativeTarget section */

/* Begin PBXProject section */
		5BB568F125EAD9290068C50C /* Project object */ = {
			isa = PBXProject;
			attributes = {
				LastSwiftUpdateCheck = 1240;
				LastUpgradeCheck = 1240;
				TargetAttributes = {
					5BB568F825EAD9290068C50C = {
						CreatedOnToolsVersion = 12.4;
					};
				};
			};
			buildConfigurationList = 5BB568F425EAD9290068C50C /* Build configuration list for PBXProject "flix" */;
			compatibilityVersion = "Xcode 9.3";
			developmentRegion = en;
			hasScannedForEncodings = 0;
			knownRegions = (
				en,
				Base,
			);
			mainGroup = 5BB568F025EAD9290068C50C;
			productRefGroup = 5BB568FA25EAD9290068C50C /* Products */;
			projectDirPath = "";
			projectRoot = "";
			targets = (
				5BB568F825EAD9290068C50C /* flix */,
			);
		};
/* End PBXProject section */

/* Begin PBXResourcesBuildPhase section */
		5BB568F725EAD9290068C50C /* Resources */ = {
			isa = PBXResourcesBuildPhase;
			buildActionMask = 2147483647;
			files = (
				5BB5690925EAD92A0068C50C /* LaunchScreen.storyboard in Resources */,
				5BB5690625EAD92A0068C50C /* Assets.xcassets in Resources */,
				5BB5690425EAD9290068C50C /* Main.storyboard in Resources */,
			);
			runOnlyForDeploymentPostprocessing = 0;
		};
/* End PBXResourcesBuildPhase section */

/* Begin PBXShellScriptBuildPhase section */
		2831B8E41C01934A02EF0B7E /* [CP] Embed Pods Frameworks */ = {
			isa = PBXShellScriptBuildPhase;
			buildActionMask = 2147483647;
			files = (
			);
			inputFileListPaths = (
				"${PODS_ROOT}/Target Support Files/Pods-flix/Pods-flix-frameworks-${CONFIGURATION}-input-files.xcfilelist",
			);
			name = "[CP] Embed Pods Frameworks";
			outputFileListPaths = (
				"${PODS_ROOT}/Target Support Files/Pods-flix/Pods-flix-frameworks-${CONFIGURATION}-output-files.xcfilelist",
			);
			runOnlyForDeploymentPostprocessing = 0;
			shellPath = /bin/sh;
			shellScript = "\"${PODS_ROOT}/Target Support Files/Pods-flix/Pods-flix-frameworks.sh\"\n";
			showEnvVarsInLog = 0;
		};
		68EA517B95834A4ECA27422B /* [CP] Check Pods Manifest.lock */ = {
			isa = PBXShellScriptBuildPhase;
			buildActionMask = 2147483647;
			files = (
			);
			inputFileListPaths = (
			);
			inputPaths = (
				"${PODS_PODFILE_DIR_PATH}/Podfile.lock",
				"${PODS_ROOT}/Manifest.lock",
			);
			name = "[CP] Check Pods Manifest.lock";
			outputFileListPaths = (
			);
			outputPaths = (
				"$(DERIVED_FILE_DIR)/Pods-flix-checkManifestLockResult.txt",
			);
			runOnlyForDeploymentPostprocessing = 0;
			shellPath = /bin/sh;
			shellScript = "diff \"${PODS_PODFILE_DIR_PATH}/Podfile.lock\" \"${PODS_ROOT}/Manifest.lock\" > /dev/null\nif [ $? != 0 ] ; then\n    # print error to STDERR\n    echo \"error: The sandbox is not in sync with the Podfile.lock. Run 'pod install' or update your CocoaPods installation.\" >&2\n    exit 1\nfi\n# This output is used by Xcode 'outputs' to avoid re-running this script phase.\necho \"SUCCESS\" > \"${SCRIPT_OUTPUT_FILE_0}\"\n";
			showEnvVarsInLog = 0;
		};
/* End PBXShellScriptBuildPhase section */

/* Begin PBXSourcesBuildPhase section */
		5BB568F525EAD9290068C50C /* Sources */ = {
			isa = PBXSourcesBuildPhase;
			buildActionMask = 2147483647;
			files = (
				5B39E24F25EC4B9A00371FF9 /* MovieDetailsViewController.swift in Sources */,
				5BB568FD25EAD9290068C50C /* AppDelegate.swift in Sources */,
				5BB568FF25EAD9290068C50C /* SceneDelegate.swift in Sources */,
				5BB5691625EB20D60068C50C /* MovieCell.swift in Sources */,
				5BB5691325EADD4E0068C50C /* MoviesViewController.swift in Sources */,
				5B39E25225EC641400371FF9 /* MovieGridViewController.swift in Sources */,
				5B39E25525EC7B2A00371FF9 /* MovieGridCell.swift in Sources */,
			);
			runOnlyForDeploymentPostprocessing = 0;
		};
/* End PBXSourcesBuildPhase section */

/* Begin PBXVariantGroup section */
		5BB5690225EAD9290068C50C /* Main.storyboard */ = {
			isa = PBXVariantGroup;
			children = (
				5BB5690325EAD9290068C50C /* Base */,
			);
			name = Main.storyboard;
			sourceTree = "<group>";
		};
		5BB5690725EAD92A0068C50C /* LaunchScreen.storyboard */ = {
			isa = PBXVariantGroup;
			children = (
				5BB5690825EAD92A0068C50C /* Base */,
			);
			name = LaunchScreen.storyboard;
			sourceTree = "<group>";
		};
/* End PBXVariantGroup section */

/* Begin XCBuildConfiguration section */
		5BB5690B25EAD92A0068C50C /* Debug */ = {
			isa = XCBuildConfiguration;
			buildSettings = {
				ALWAYS_SEARCH_USER_PATHS = NO;
				CLANG_ANALYZER_NONNULL = YES;
				CLANG_ANALYZER_NUMBER_OBJECT_CONVERSION = YES_AGGRESSIVE;
				CLANG_CXX_LANGUAGE_STANDARD = "gnu++14";
				CLANG_CXX_LIBRARY = "libc++";
				CLANG_ENABLE_MODULES = YES;
				CLANG_ENABLE_OBJC_ARC = YES;
				CLANG_ENABLE_OBJC_WEAK = YES;
				CLANG_WARN_BLOCK_CAPTURE_AUTORELEASING = YES;
				CLANG_WARN_BOOL_CONVERSION = YES;
				CLANG_WARN_COMMA = YES;
				CLANG_WARN_CONSTANT_CONVERSION = YES;
				CLANG_WARN_DEPRECATED_OBJC_IMPLEMENTATIONS = YES;
				CLANG_WARN_DIRECT_OBJC_ISA_USAGE = YES_ERROR;
				CLANG_WARN_DOCUMENTATION_COMMENTS = YES;
				CLANG_WARN_EMPTY_BODY = YES;
				CLANG_WARN_ENUM_CONVERSION = YES;
				CLANG_WARN_INFINITE_RECURSION = YES;
				CLANG_WARN_INT_CONVERSION = YES;
				CLANG_WARN_NON_LITERAL_NULL_CONVERSION = YES;
				CLANG_WARN_OBJC_IMPLICIT_RETAIN_SELF = YES;
				CLANG_WARN_OBJC_LITERAL_CONVERSION = YES;
				CLANG_WARN_OBJC_ROOT_CLASS = YES_ERROR;
				CLANG_WARN_QUOTED_INCLUDE_IN_FRAMEWORK_HEADER = YES;
				CLANG_WARN_RANGE_LOOP_ANALYSIS = YES;
				CLANG_WARN_STRICT_PROTOTYPES = YES;
				CLANG_WARN_SUSPICIOUS_MOVE = YES;
				CLANG_WARN_UNGUARDED_AVAILABILITY = YES_AGGRESSIVE;
				CLANG_WARN_UNREACHABLE_CODE = YES;
				CLANG_WARN__DUPLICATE_METHOD_MATCH = YES;
				COPY_PHASE_STRIP = NO;
				DEBUG_INFORMATION_FORMAT = dwarf;
				ENABLE_STRICT_OBJC_MSGSEND = YES;
				ENABLE_TESTABILITY = YES;
				GCC_C_LANGUAGE_STANDARD = gnu11;
				GCC_DYNAMIC_NO_PIC = NO;
				GCC_NO_COMMON_BLOCKS = YES;
				GCC_OPTIMIZATION_LEVEL = 0;
				GCC_PREPROCESSOR_DEFINITIONS = (
					"DEBUG=1",
					"$(inherited)",
				);
				GCC_WARN_64_TO_32_BIT_CONVERSION = YES;
				GCC_WARN_ABOUT_RETURN_TYPE = YES_ERROR;
				GCC_WARN_UNDECLARED_SELECTOR = YES;
				GCC_WARN_UNINITIALIZED_AUTOS = YES_AGGRESSIVE;
				GCC_WARN_UNUSED_FUNCTION = YES;
				GCC_WARN_UNUSED_VARIABLE = YES;
				IPHONEOS_DEPLOYMENT_TARGET = 14.4;
				MTL_ENABLE_DEBUG_INFO = INCLUDE_SOURCE;
				MTL_FAST_MATH = YES;
				ONLY_ACTIVE_ARCH = YES;
				SDKROOT = iphoneos;
				SWIFT_ACTIVE_COMPILATION_CONDITIONS = DEBUG;
				SWIFT_OPTIMIZATION_LEVEL = "-Onone";
			};
			name = Debug;
		};
		5BB5690C25EAD92A0068C50C /* Release */ = {
			isa = XCBuildConfiguration;
			buildSettings = {
				ALWAYS_SEARCH_USER_PATHS = NO;
				CLANG_ANALYZER_NONNULL = YES;
				CLANG_ANALYZER_NUMBER_OBJECT_CONVERSION = YES_AGGRESSIVE;
				CLANG_CXX_LANGUAGE_STANDARD = "gnu++14";
				CLANG_CXX_LIBRARY = "libc++";
				CLANG_ENABLE_MODULES = YES;
				CLANG_ENABLE_OBJC_ARC = YES;
				CLANG_ENABLE_OBJC_WEAK = YES;
				CLANG_WARN_BLOCK_CAPTURE_AUTORELEASING = YES;
				CLANG_WARN_BOOL_CONVERSION = YES;
				CLANG_WARN_COMMA = YES;
				CLANG_WARN_CONSTANT_CONVERSION = YES;
				CLANG_WARN_DEPRECATED_OBJC_IMPLEMENTATIONS = YES;
				CLANG_WARN_DIRECT_OBJC_ISA_USAGE = YES_ERROR;
				CLANG_WARN_DOCUMENTATION_COMMENTS = YES;
				CLANG_WARN_EMPTY_BODY = YES;
				CLANG_WARN_ENUM_CONVERSION = YES;
				CLANG_WARN_INFINITE_RECURSION = YES;
				CLANG_WARN_INT_CONVERSION = YES;
				CLANG_WARN_NON_LITERAL_NULL_CONVERSION = YES;
				CLANG_WARN_OBJC_IMPLICIT_RETAIN_SELF = YES;
				CLANG_WARN_OBJC_LITERAL_CONVERSION = YES;
				CLANG_WARN_OBJC_ROOT_CLASS = YES_ERROR;
				CLANG_WARN_QUOTED_INCLUDE_IN_FRAMEWORK_HEADER = YES;
				CLANG_WARN_RANGE_LOOP_ANALYSIS = YES;
				CLANG_WARN_STRICT_PROTOTYPES = YES;
				CLANG_WARN_SUSPICIOUS_MOVE = YES;
				CLANG_WARN_UNGUARDED_AVAILABILITY = YES_AGGRESSIVE;
				CLANG_WARN_UNREACHABLE_CODE = YES;
				CLANG_WARN__DUPLICATE_METHOD_MATCH = YES;
				COPY_PHASE_STRIP = NO;
				DEBUG_INFORMATION_FORMAT = "dwarf-with-dsym";
				ENABLE_NS_ASSERTIONS = NO;
				ENABLE_STRICT_OBJC_MSGSEND = YES;
				GCC_C_LANGUAGE_STANDARD = gnu11;
				GCC_NO_COMMON_BLOCKS = YES;
				GCC_WARN_64_TO_32_BIT_CONVERSION = YES;
				GCC_WARN_ABOUT_RETURN_TYPE = YES_ERROR;
				GCC_WARN_UNDECLARED_SELECTOR = YES;
				GCC_WARN_UNINITIALIZED_AUTOS = YES_AGGRESSIVE;
				GCC_WARN_UNUSED_FUNCTION = YES;
				GCC_WARN_UNUSED_VARIABLE = YES;
				IPHONEOS_DEPLOYMENT_TARGET = 14.4;
				MTL_ENABLE_DEBUG_INFO = NO;
				MTL_FAST_MATH = YES;
				SDKROOT = iphoneos;
				SWIFT_COMPILATION_MODE = wholemodule;
				SWIFT_OPTIMIZATION_LEVEL = "-O";
				VALIDATE_PRODUCT = YES;
			};
			name = Release;
		};
		5BB5690E25EAD92A0068C50C /* Debug */ = {
			isa = XCBuildConfiguration;
			baseConfigurationReference = AE855279090D14656CA5B4F0 /* Pods-flix.debug.xcconfig */;
			buildSettings = {
				ASSETCATALOG_COMPILER_APPICON_NAME = AppIcon;
				ASSETCATALOG_COMPILER_GLOBAL_ACCENT_COLOR_NAME = AccentColor;
				CODE_SIGN_STYLE = Automatic;
				INFOPLIST_FILE = flix/Info.plist;
				LD_RUNPATH_SEARCH_PATHS = (
					"$(inherited)",
					"@executable_path/Frameworks",
				);
				PRODUCT_BUNDLE_IDENTIFIER = com.virajpuri.flix;
				PRODUCT_NAME = "$(TARGET_NAME)";
				SWIFT_VERSION = 5.0;
				TARGETED_DEVICE_FAMILY = "1,2";
			};
			name = Debug;
		};
		5BB5690F25EAD92A0068C50C /* Release */ = {
			isa = XCBuildConfiguration;
			baseConfigurationReference = B55A82EF403575FEC8385124 /* Pods-flix.release.xcconfig */;
			buildSettings = {
				ASSETCATALOG_COMPILER_APPICON_NAME = AppIcon;
				ASSETCATALOG_COMPILER_GLOBAL_ACCENT_COLOR_NAME = AccentColor;
				CODE_SIGN_STYLE = Automatic;
				INFOPLIST_FILE = flix/Info.plist;
				LD_RUNPATH_SEARCH_PATHS = (
					"$(inherited)",
					"@executable_path/Frameworks",
				);
				PRODUCT_BUNDLE_IDENTIFIER = com.virajpuri.flix;
				PRODUCT_NAME = "$(TARGET_NAME)";
				SWIFT_VERSION = 5.0;
				TARGETED_DEVICE_FAMILY = "1,2";
			};
			name = Release;
		};
/* End XCBuildConfiguration section */

/* Begin XCConfigurationList section */
		5BB568F425EAD9290068C50C /* Build configuration list for PBXProject "flix" */ = {
			isa = XCConfigurationList;
			buildConfigurations = (
				5BB5690B25EAD92A0068C50C /* Debug */,
				5BB5690C25EAD92A0068C50C /* Release */,
			);
			defaultConfigurationIsVisible = 0;
			defaultConfigurationName = Release;
		};
		5BB5690D25EAD92A0068C50C /* Build configuration list for PBXNativeTarget "flix" */ = {
			isa = XCConfigurationList;
			buildConfigurations = (
				5BB5690E25EAD92A0068C50C /* Debug */,
				5BB5690F25EAD92A0068C50C /* Release */,
			);
			defaultConfigurationIsVisible = 0;
			defaultConfigurationName = Release;
		};
/* End XCConfigurationList section */
	};
	rootObject = 5BB568F125EAD9290068C50C /* Project object */;
}
